// !$*UTF8*$!
{
	archiveVersion = 1;
	classes = {
	};
	objectVersion = 46;
	objects = {

/* Begin PBXBuildFile section */
		F85C92A318BA283700F3055F /* CCBoss.m in Sources */ = {isa = PBXBuildFile; fileRef = F85C92A218BA283700F3055F /* CCBoss.m */; };
		F8D374F918B7DBE600A4ADAC /* Foundation.framework in Frameworks */ = {isa = PBXBuildFile; fileRef = F8D374F818B7DBE600A4ADAC /* Foundation.framework */; };
		F8D374FB18B7DBE600A4ADAC /* CoreGraphics.framework in Frameworks */ = {isa = PBXBuildFile; fileRef = F8D374FA18B7DBE600A4ADAC /* CoreGraphics.framework */; };
		F8D374FD18B7DBE600A4ADAC /* UIKit.framework in Frameworks */ = {isa = PBXBuildFile; fileRef = F8D374FC18B7DBE600A4ADAC /* UIKit.framework */; };
		F8D3750318B7DBE600A4ADAC /* InfoPlist.strings in Resources */ = {isa = PBXBuildFile; fileRef = F8D3750118B7DBE600A4ADAC /* InfoPlist.strings */; };
		F8D3750518B7DBE600A4ADAC /* main.m in Sources */ = {isa = PBXBuildFile; fileRef = F8D3750418B7DBE600A4ADAC /* main.m */; };
		F8D3750918B7DBE600A4ADAC /* CCAppDelegate.m in Sources */ = {isa = PBXBuildFile; fileRef = F8D3750818B7DBE600A4ADAC /* CCAppDelegate.m */; };
		F8D3750C18B7DBE600A4ADAC /* Main.storyboard in Resources */ = {isa = PBXBuildFile; fileRef = F8D3750A18B7DBE600A4ADAC /* Main.storyboard */; };
		F8D3750F18B7DBE600A4ADAC /* CCViewController.m in Sources */ = {isa = PBXBuildFile; fileRef = F8D3750E18B7DBE600A4ADAC /* CCViewController.m */; };
		F8D3751118B7DBE600A4ADAC /* Images.xcassets in Resources */ = {isa = PBXBuildFile; fileRef = F8D3751018B7DBE600A4ADAC /* Images.xcassets */; };
		F8D3751818B7DBE700A4ADAC /* XCTest.framework in Frameworks */ = {isa = PBXBuildFile; fileRef = F8D3751718B7DBE700A4ADAC /* XCTest.framework */; };
		F8D3751918B7DBE700A4ADAC /* Foundation.framework in Frameworks */ = {isa = PBXBuildFile; fileRef = F8D374F818B7DBE600A4ADAC /* Foundation.framework */; };
		F8D3751A18B7DBE700A4ADAC /* UIKit.framework in Frameworks */ = {isa = PBXBuildFile; fileRef = F8D374FC18B7DBE600A4ADAC /* UIKit.framework */; };
		F8D3752218B7DBE700A4ADAC /* InfoPlist.strings in Resources */ = {isa = PBXBuildFile; fileRef = F8D3752018B7DBE700A4ADAC /* InfoPlist.strings */; };
		F8D3752418B7DBE700A4ADAC /* Pirate_AdventureTests.m in Sources */ = {isa = PBXBuildFile; fileRef = F8D3752318B7DBE700A4ADAC /* Pirate_AdventureTests.m */; };
		F8D3752F18B7DC1000A4ADAC /* CCTile.m in Sources */ = {isa = PBXBuildFile; fileRef = F8D3752E18B7DC1000A4ADAC /* CCTile.m */; };
		F8D3753218B7DDCE00A4ADAC /* CCCharacter.m in Sources */ = {isa = PBXBuildFile; fileRef = F8D3753118B7DDCE00A4ADAC /* CCCharacter.m */; };
		F8D3753518B7DE9900A4ADAC /* CCArmor.m in Sources */ = {isa = PBXBuildFile; fileRef = F8D3753418B7DE9900A4ADAC /* CCArmor.m */; };
		F8D3753818B7DEDD00A4ADAC /* CCWeapon.m in Sources */ = {isa = PBXBuildFile; fileRef = F8D3753718B7DEDD00A4ADAC /* CCWeapon.m */; };
		F8D3753B18B7E44D00A4ADAC /* CCFactory.m in Sources */ = {isa = PBXBuildFile; fileRef = F8D3753A18B7E44D00A4ADAC /* CCFactory.m */; };
		F8D3754918B7F2FE00A4ADAC /* PirateAttack.jpg in Resources */ = {isa = PBXBuildFile; fileRef = F8D3753C18B7F2FE00A4ADAC /* PirateAttack.jpg */; };
		F8D3754A18B7F2FE00A4ADAC /* PirateBlacksmith.jpeg in Resources */ = {isa = PBXBuildFile; fileRef = F8D3753D18B7F2FE00A4ADAC /* PirateBlacksmith.jpeg */; };
		F8D3754B18B7F2FE00A4ADAC /* PirateBoss.jpeg in Resources */ = {isa = PBXBuildFile; fileRef = F8D3753E18B7F2FE00A4ADAC /* PirateBoss.jpeg */; };
		F8D3754C18B7F2FE00A4ADAC /* PirateFriendlyDock.jpg in Resources */ = {isa = PBXBuildFile; fileRef = F8D3753F18B7F2FE00A4ADAC /* PirateFriendlyDock.jpg */; };
		F8D3754D18B7F2FE00A4ADAC /* PirateImageAssets.zip in Resources */ = {isa = PBXBuildFile; fileRef = F8D3754018B7F2FE00A4ADAC /* PirateImageAssets.zip */; };
		F8D3754E18B7F2FE00A4ADAC /* PirateOctopusAttack.jpg in Resources */ = {isa = PBXBuildFile; fileRef = F8D3754118B7F2FE00A4ADAC /* PirateOctopusAttack.jpg */; };
		F8D3754F18B7F2FE00A4ADAC /* PirateParrot.jpg in Resources */ = {isa = PBXBuildFile; fileRef = F8D3754218B7F2FE00A4ADAC /* PirateParrot.jpg */; };
		F8D3755018B7F2FE00A4ADAC /* PiratePlank.jpg in Resources */ = {isa = PBXBuildFile; fileRef = F8D3754318B7F2FE00A4ADAC /* PiratePlank.jpg */; };
		F8D3755118B7F2FE00A4ADAC /* PirateShipBattle.jpeg in Resources */ = {isa = PBXBuildFile; fileRef = F8D3754418B7F2FE00A4ADAC /* PirateShipBattle.jpeg */; };
		F8D3755218B7F2FE00A4ADAC /* PirateStart.jpg in Resources */ = {isa = PBXBuildFile; fileRef = F8D3754518B7F2FE00A4ADAC /* PirateStart.jpg */; };
		F8D3755318B7F2FE00A4ADAC /* PirateTreasure.jpeg in Resources */ = {isa = PBXBuildFile; fileRef = F8D3754618B7F2FE00A4ADAC /* PirateTreasure.jpeg */; };
		F8D3755418B7F2FE00A4ADAC /* PirateTreasurer2.jpeg in Resources */ = {isa = PBXBuildFile; fileRef = F8D3754718B7F2FE00A4ADAC /* PirateTreasurer2.jpeg */; };
		F8D3755518B7F2FE00A4ADAC /* PirateWeapons.jpeg in Resources */ = {isa = PBXBuildFile; fileRef = F8D3754818B7F2FE00A4ADAC /* PirateWeapons.jpeg */; };
/* End PBXBuildFile section */

/* Begin PBXContainerItemProxy section */
		F8D3751B18B7DBE700A4ADAC /* PBXContainerItemProxy */ = {
			isa = PBXContainerItemProxy;
			containerPortal = F8D374ED18B7DBE600A4ADAC /* Project object */;
			proxyType = 1;
			remoteGlobalIDString = F8D374F418B7DBE600A4ADAC;
			remoteInfo = "Pirate Adventure";
		};
/* End PBXContainerItemProxy section */

/* Begin PBXFileReference section */
		F85C92A118BA283700F3055F /* CCBoss.h */ = {isa = PBXFileReference; fileEncoding = 4; lastKnownFileType = sourcecode.c.h; path = CCBoss.h; sourceTree = "<group>"; };
		F85C92A218BA283700F3055F /* CCBoss.m */ = {isa = PBXFileReference; fileEncoding = 4; lastKnownFileType = sourcecode.c.objc; path = CCBoss.m; sourceTree = "<group>"; };
		F8D374F518B7DBE600A4ADAC /* Pirate Adventure.app */ = {isa = PBXFileReference; explicitFileType = wrapper.application; includeInIndex = 0; path = "Pirate Adventure.app"; sourceTree = BUILT_PRODUCTS_DIR; };
		F8D374F818B7DBE600A4ADAC /* Foundation.framework */ = {isa = PBXFileReference; lastKnownFileType = wrapper.framework; name = Foundation.framework; path = System/Library/Frameworks/Foundation.framework; sourceTree = SDKROOT; };
		F8D374FA18B7DBE600A4ADAC /* CoreGraphics.framework */ = {isa = PBXFileReference; lastKnownFileType = wrapper.framework; name = CoreGraphics.framework; path = System/Library/Frameworks/CoreGraphics.framework; sourceTree = SDKROOT; };
		F8D374FC18B7DBE600A4ADAC /* UIKit.framework */ = {isa = PBXFileReference; lastKnownFileType = wrapper.framework; name = UIKit.framework; path = System/Library/Frameworks/UIKit.framework; sourceTree = SDKROOT; };
		F8D3750018B7DBE600A4ADAC /* Pirate Adventure-Info.plist */ = {isa = PBXFileReference; lastKnownFileType = text.plist.xml; path = "Pirate Adventure-Info.plist"; sourceTree = "<group>"; };
		F8D3750218B7DBE600A4ADAC /* en */ = {isa = PBXFileReference; lastKnownFileType = text.plist.strings; name = en; path = en.lproj/InfoPlist.strings; sourceTree = "<group>"; };
		F8D3750418B7DBE600A4ADAC /* main.m */ = {isa = PBXFileReference; lastKnownFileType = sourcecode.c.objc; path = main.m; sourceTree = "<group>"; };
		F8D3750618B7DBE600A4ADAC /* Pirate Adventure-Prefix.pch */ = {isa = PBXFileReference; lastKnownFileType = sourcecode.c.h; path = "Pirate Adventure-Prefix.pch"; sourceTree = "<group>"; };
		F8D3750718B7DBE600A4ADAC /* CCAppDelegate.h */ = {isa = PBXFileReference; lastKnownFileType = sourcecode.c.h; path = CCAppDelegate.h; sourceTree = "<group>"; };
		F8D3750818B7DBE600A4ADAC /* CCAppDelegate.m */ = {isa = PBXFileReference; lastKnownFileType = sourcecode.c.objc; path = CCAppDelegate.m; sourceTree = "<group>"; };
		F8D3750B18B7DBE600A4ADAC /* Base */ = {isa = PBXFileReference; lastKnownFileType = file.storyboard; name = Base; path = Base.lproj/Main.storyboard; sourceTree = "<group>"; };
		F8D3750D18B7DBE600A4ADAC /* CCViewController.h */ = {isa = PBXFileReference; lastKnownFileType = sourcecode.c.h; path = CCViewController.h; sourceTree = "<group>"; };
		F8D3750E18B7DBE600A4ADAC /* CCViewController.m */ = {isa = PBXFileReference; lastKnownFileType = sourcecode.c.objc; path = CCViewController.m; sourceTree = "<group>"; };
		F8D3751018B7DBE600A4ADAC /* Images.xcassets */ = {isa = PBXFileReference; lastKnownFileType = folder.assetcatalog; path = Images.xcassets; sourceTree = "<group>"; };
		F8D3751618B7DBE700A4ADAC /* Pirate AdventureTests.xctest */ = {isa = PBXFileReference; explicitFileType = wrapper.cfbundle; includeInIndex = 0; path = "Pirate AdventureTests.xctest"; sourceTree = BUILT_PRODUCTS_DIR; };
		F8D3751718B7DBE700A4ADAC /* XCTest.framework */ = {isa = PBXFileReference; lastKnownFileType = wrapper.framework; name = XCTest.framework; path = Library/Frameworks/XCTest.framework; sourceTree = DEVELOPER_DIR; };
		F8D3751F18B7DBE700A4ADAC /* Pirate AdventureTests-Info.plist */ = {isa = PBXFileReference; lastKnownFileType = text.plist.xml; path = "Pirate AdventureTests-Info.plist"; sourceTree = "<group>"; };
		F8D3752118B7DBE700A4ADAC /* en */ = {isa = PBXFileReference; lastKnownFileType = text.plist.strings; name = en; path = en.lproj/InfoPlist.strings; sourceTree = "<group>"; };
		F8D3752318B7DBE700A4ADAC /* Pirate_AdventureTests.m */ = {isa = PBXFileReference; lastKnownFileType = sourcecode.c.objc; path = Pirate_AdventureTests.m; sourceTree = "<group>"; };
		F8D3752D18B7DC1000A4ADAC /* CCTile.h */ = {isa = PBXFileReference; fileEncoding = 4; lastKnownFileType = sourcecode.c.h; path = CCTile.h; sourceTree = "<group>"; };
		F8D3752E18B7DC1000A4ADAC /* CCTile.m */ = {isa = PBXFileReference; fileEncoding = 4; lastKnownFileType = sourcecode.c.objc; path = CCTile.m; sourceTree = "<group>"; };
		F8D3753018B7DDCE00A4ADAC /* CCCharacter.h */ = {isa = PBXFileReference; fileEncoding = 4; lastKnownFileType = sourcecode.c.h; path = CCCharacter.h; sourceTree = "<group>"; };
		F8D3753118B7DDCE00A4ADAC /* CCCharacter.m */ = {isa = PBXFileReference; fileEncoding = 4; lastKnownFileType = sourcecode.c.objc; path = CCCharacter.m; sourceTree = "<group>"; };
		F8D3753318B7DE9900A4ADAC /* CCArmor.h */ = {isa = PBXFileReference; fileEncoding = 4; lastKnownFileType = sourcecode.c.h; path = CCArmor.h; sourceTree = "<group>"; };
		F8D3753418B7DE9900A4ADAC /* CCArmor.m */ = {isa = PBXFileReference; fileEncoding = 4; lastKnownFileType = sourcecode.c.objc; path = CCArmor.m; sourceTree = "<group>"; };
		F8D3753618B7DEDD00A4ADAC /* CCWeapon.h */ = {isa = PBXFileReference; fileEncoding = 4; lastKnownFileType = sourcecode.c.h; path = CCWeapon.h; sourceTree = "<group>"; };
		F8D3753718B7DEDD00A4ADAC /* CCWeapon.m */ = {isa = PBXFileReference; fileEncoding = 4; lastKnownFileType = sourcecode.c.objc; path = CCWeapon.m; sourceTree = "<group>"; };
		F8D3753918B7E44D00A4ADAC /* CCFactory.h */ = {isa = PBXFileReference; fileEncoding = 4; lastKnownFileType = sourcecode.c.h; path = CCFactory.h; sourceTree = "<group>"; };
		F8D3753A18B7E44D00A4ADAC /* CCFactory.m */ = {isa = PBXFileReference; fileEncoding = 4; lastKnownFileType = sourcecode.c.objc; path = CCFactory.m; sourceTree = "<group>"; };
		F8D3753C18B7F2FE00A4ADAC /* PirateAttack.jpg */ = {isa = PBXFileReference; lastKnownFileType = image.jpeg; path = PirateAttack.jpg; sourceTree = "<group>"; };
		F8D3753D18B7F2FE00A4ADAC /* PirateBlacksmith.jpeg */ = {isa = PBXFileReference; lastKnownFileType = image.jpeg; path = PirateBlacksmith.jpeg; sourceTree = "<group>"; };
		F8D3753E18B7F2FE00A4ADAC /* PirateBoss.jpeg */ = {isa = PBXFileReference; lastKnownFileType = image.jpeg; path = PirateBoss.jpeg; sourceTree = "<group>"; };
		F8D3753F18B7F2FE00A4ADAC /* PirateFriendlyDock.jpg */ = {isa = PBXFileReference; lastKnownFileType = image.jpeg; path = PirateFriendlyDock.jpg; sourceTree = "<group>"; };
		F8D3754018B7F2FE00A4ADAC /* PirateImageAssets.zip */ = {isa = PBXFileReference; lastKnownFileType = archive.zip; path = PirateImageAssets.zip; sourceTree = "<group>"; };
		F8D3754118B7F2FE00A4ADAC /* PirateOctopusAttack.jpg */ = {isa = PBXFileReference; lastKnownFileType = image.jpeg; path = PirateOctopusAttack.jpg; sourceTree = "<group>"; };
		F8D3754218B7F2FE00A4ADAC /* PirateParrot.jpg */ = {isa = PBXFileReference; lastKnownFileType = image.jpeg; path = PirateParrot.jpg; sourceTree = "<group>"; };
		F8D3754318B7F2FE00A4ADAC /* PiratePlank.jpg */ = {isa = PBXFileReference; lastKnownFileType = image.jpeg; path = PiratePlank.jpg; sourceTree = "<group>"; };
		F8D3754418B7F2FE00A4ADAC /* PirateShipBattle.jpeg */ = {isa = PBXFileReference; lastKnownFileType = image.jpeg; path = PirateShipBattle.jpeg; sourceTree = "<group>"; };
		F8D3754518B7F2FE00A4ADAC /* PirateStart.jpg */ = {isa = PBXFileReference; lastKnownFileType = image.jpeg; path = PirateStart.jpg; sourceTree = "<group>"; };
		F8D3754618B7F2FE00A4ADAC /* PirateTreasure.jpeg */ = {isa = PBXFileReference; lastKnownFileType = image.jpeg; path = PirateTreasure.jpeg; sourceTree = "<group>"; };
		F8D3754718B7F2FE00A4ADAC /* PirateTreasurer2.jpeg */ = {isa = PBXFileReference; lastKnownFileType = image.jpeg; path = PirateTreasurer2.jpeg; sourceTree = "<group>"; };
		F8D3754818B7F2FE00A4ADAC /* PirateWeapons.jpeg */ = {isa = PBXFileReference; lastKnownFileType = image.jpeg; path = PirateWeapons.jpeg; sourceTree = "<group>"; };
/* End PBXFileReference section */

/* Begin PBXFrameworksBuildPhase section */
		F8D374F218B7DBE600A4ADAC /* Frameworks */ = {
			isa = PBXFrameworksBuildPhase;
			buildActionMask = 2147483647;
			files = (
				F8D374FB18B7DBE600A4ADAC /* CoreGraphics.framework in Frameworks */,
				F8D374FD18B7DBE600A4ADAC /* UIKit.framework in Frameworks */,
				F8D374F918B7DBE600A4ADAC /* Foundation.framework in Frameworks */,
			);
			runOnlyForDeploymentPostprocessing = 0;
		};
		F8D3751318B7DBE700A4ADAC /* Frameworks */ = {
			isa = PBXFrameworksBuildPhase;
			buildActionMask = 2147483647;
			files = (
				F8D3751818B7DBE700A4ADAC /* XCTest.framework in Frameworks */,
				F8D3751A18B7DBE700A4ADAC /* UIKit.framework in Frameworks */,
				F8D3751918B7DBE700A4ADAC /* Foundation.framework in Frameworks */,
			);
			runOnlyForDeploymentPostprocessing = 0;
		};
/* End PBXFrameworksBuildPhase section */

/* Begin PBXGroup section */
		F8D374EC18B7DBE600A4ADAC = {
			isa = PBXGroup;
			children = (
				F8D374FE18B7DBE600A4ADAC /* Pirate Adventure */,
				F8D3751D18B7DBE700A4ADAC /* Pirate AdventureTests */,
				F8D374F718B7DBE600A4ADAC /* Frameworks */,
				F8D374F618B7DBE600A4ADAC /* Products */,
			);
			sourceTree = "<group>";
		};
		F8D374F618B7DBE600A4ADAC /* Products */ = {
			isa = PBXGroup;
			children = (
				F8D374F518B7DBE600A4ADAC /* Pirate Adventure.app */,
				F8D3751618B7DBE700A4ADAC /* Pirate AdventureTests.xctest */,
			);
			name = Products;
			sourceTree = "<group>";
		};
		F8D374F718B7DBE600A4ADAC /* Frameworks */ = {
			isa = PBXGroup;
			children = (
				F8D374F818B7DBE600A4ADAC /* Foundation.framework */,
				F8D374FA18B7DBE600A4ADAC /* CoreGraphics.framework */,
				F8D374FC18B7DBE600A4ADAC /* UIKit.framework */,
				F8D3751718B7DBE700A4ADAC /* XCTest.framework */,
			);
			name = Frameworks;
			sourceTree = "<group>";
		};
		F8D374FE18B7DBE600A4ADAC /* Pirate Adventure */ = {
			isa = PBXGroup;
			children = (
				F8D3750718B7DBE600A4ADAC /* CCAppDelegate.h */,
				F8D3750818B7DBE600A4ADAC /* CCAppDelegate.m */,
				F8D3750A18B7DBE600A4ADAC /* Main.storyboard */,
				F8D3750D18B7DBE600A4ADAC /* CCViewController.h */,
				F8D3750E18B7DBE600A4ADAC /* CCViewController.m */,
				F8D3753918B7E44D00A4ADAC /* CCFactory.h */,
				F8D3753A18B7E44D00A4ADAC /* CCFactory.m */,
				F8D3752D18B7DC1000A4ADAC /* CCTile.h */,
				F8D3752E18B7DC1000A4ADAC /* CCTile.m */,
				F8D3753018B7DDCE00A4ADAC /* CCCharacter.h */,
				F8D3753118B7DDCE00A4ADAC /* CCCharacter.m */,
				F8D3753318B7DE9900A4ADAC /* CCArmor.h */,
				F8D3753418B7DE9900A4ADAC /* CCArmor.m */,
				F8D3753618B7DEDD00A4ADAC /* CCWeapon.h */,
				F8D3753718B7DEDD00A4ADAC /* CCWeapon.m */,
				F85C92A118BA283700F3055F /* CCBoss.h */,
				F85C92A218BA283700F3055F /* CCBoss.m */,
				F8D3751018B7DBE600A4ADAC /* Images.xcassets */,
				F8D374FF18B7DBE600A4ADAC /* Supporting Files */,
			);
			path = "Pirate Adventure";
			sourceTree = "<group>";
		};
		F8D374FF18B7DBE600A4ADAC /* Supporting Files */ = {
			isa = PBXGroup;
			children = (
				F8D3753C18B7F2FE00A4ADAC /* PirateAttack.jpg */,
				F8D3753D18B7F2FE00A4ADAC /* PirateBlacksmith.jpeg */,
				F8D3753E18B7F2FE00A4ADAC /* PirateBoss.jpeg */,
				F8D3753F18B7F2FE00A4ADAC /* PirateFriendlyDock.jpg */,
				F8D3754018B7F2FE00A4ADAC /* PirateImageAssets.zip */,
				F8D3754118B7F2FE00A4ADAC /* PirateOctopusAttack.jpg */,
				F8D3754218B7F2FE00A4ADAC /* PirateParrot.jpg */,
				F8D3754318B7F2FE00A4ADAC /* PiratePlank.jpg */,
				F8D3754418B7F2FE00A4ADAC /* PirateShipBattle.jpeg */,
				F8D3754518B7F2FE00A4ADAC /* PirateStart.jpg */,
				F8D3754618B7F2FE00A4ADAC /* PirateTreasure.jpeg */,
				F8D3754718B7F2FE00A4ADAC /* PirateTreasurer2.jpeg */,
				F8D3754818B7F2FE00A4ADAC /* PirateWeapons.jpeg */,
				F8D3750018B7DBE600A4ADAC /* Pirate Adventure-Info.plist */,
				F8D3750118B7DBE600A4ADAC /* InfoPlist.strings */,
				F8D3750418B7DBE600A4ADAC /* main.m */,
				F8D3750618B7DBE600A4ADAC /* Pirate Adventure-Prefix.pch */,
			);
			name = "Supporting Files";
			sourceTree = "<group>";
		};
		F8D3751D18B7DBE700A4ADAC /* Pirate AdventureTests */ = {
			isa = PBXGroup;
			children = (
				F8D3752318B7DBE700A4ADAC /* Pirate_AdventureTests.m */,
				F8D3751E18B7DBE700A4ADAC /* Supporting Files */,
			);
			path = "Pirate AdventureTests";
			sourceTree = "<group>";
		};
		F8D3751E18B7DBE700A4ADAC /* Supporting Files */ = {
			isa = PBXGroup;
			children = (
				F8D3751F18B7DBE700A4ADAC /* Pirate AdventureTests-Info.plist */,
				F8D3752018B7DBE700A4ADAC /* InfoPlist.strings */,
			);
			name = "Supporting Files";
			sourceTree = "<group>";
		};
/* End PBXGroup section */

/* Begin PBXNativeTarget section */
		F8D374F418B7DBE600A4ADAC /* Pirate Adventure */ = {
			isa = PBXNativeTarget;
			buildConfigurationList = F8D3752718B7DBE700A4ADAC /* Build configuration list for PBXNativeTarget "Pirate Adventure" */;
			buildPhases = (
				F8D374F118B7DBE600A4ADAC /* Sources */,
				F8D374F218B7DBE600A4ADAC /* Frameworks */,
				F8D374F318B7DBE600A4ADAC /* Resources */,
			);
			buildRules = (
			);
			dependencies = (
			);
			name = "Pirate Adventure";
			productName = "Pirate Adventure";
			productReference = F8D374F518B7DBE600A4ADAC /* Pirate Adventure.app */;
			productType = "com.apple.product-type.application";
		};
		F8D3751518B7DBE700A4ADAC /* Pirate AdventureTests */ = {
			isa = PBXNativeTarget;
			buildConfigurationList = F8D3752A18B7DBE700A4ADAC /* Build configuration list for PBXNativeTarget "Pirate AdventureTests" */;
			buildPhases = (
				F8D3751218B7DBE700A4ADAC /* Sources */,
				F8D3751318B7DBE700A4ADAC /* Frameworks */,
				F8D3751418B7DBE700A4ADAC /* Resources */,
			);
			buildRules = (
			);
			dependencies = (
				F8D3751C18B7DBE700A4ADAC /* PBXTargetDependency */,
			);
			name = "Pirate AdventureTests";
			productName = "Pirate AdventureTests";
			productReference = F8D3751618B7DBE700A4ADAC /* Pirate AdventureTests.xctest */;
			productType = "com.apple.product-type.bundle.unit-test";
		};
/* End PBXNativeTarget section */

/* Begin PBXProject section */
		F8D374ED18B7DBE600A4ADAC /* Project object */ = {
			isa = PBXProject;
			attributes = {
				CLASSPREFIX = CC;
				LastUpgradeCheck = 0500;
				ORGANIZATIONNAME = "Code Coalition Project";
				TargetAttributes = {
					F8D3751518B7DBE700A4ADAC = {
						TestTargetID = F8D374F418B7DBE600A4ADAC;
					};
				};
			};
			buildConfigurationList = F8D374F018B7DBE600A4ADAC /* Build configuration list for PBXProject "Pirate Adventure" */;
			compatibilityVersion = "Xcode 3.2";
			developmentRegion = English;
			hasScannedForEncodings = 0;
			knownRegions = (
				en,
				Base,
			);
			mainGroup = F8D374EC18B7DBE600A4ADAC;
			productRefGroup = F8D374F618B7DBE600A4ADAC /* Products */;
			projectDirPath = "";
			projectRoot = "";
			targets = (
				F8D374F418B7DBE600A4ADAC /* Pirate Adventure */,
				F8D3751518B7DBE700A4ADAC /* Pirate AdventureTests */,
			);
		};
/* End PBXProject section */

/* Begin PBXResourcesBuildPhase section */
		F8D374F318B7DBE600A4ADAC /* Resources */ = {
			isa = PBXResourcesBuildPhase;
			buildActionMask = 2147483647;
			files = (
				F8D3754C18B7F2FE00A4ADAC /* PirateFriendlyDock.jpg in Resources */,
				F8D3755218B7F2FE00A4ADAC /* PirateStart.jpg in Resources */,
				F8D3754D18B7F2FE00A4ADAC /* PirateImageAssets.zip in Resources */,
				F8D3755118B7F2FE00A4ADAC /* PirateShipBattle.jpeg in Resources */,
				F8D3754F18B7F2FE00A4ADAC /* PirateParrot.jpg in Resources */,
				F8D3754918B7F2FE00A4ADAC /* PirateAttack.jpg in Resources */,
				F8D3751118B7DBE600A4ADAC /* Images.xcassets in Resources */,
				F8D3755018B7F2FE00A4ADAC /* PiratePlank.jpg in Resources */,
				F8D3755518B7F2FE00A4ADAC /* PirateWeapons.jpeg in Resources */,
				F8D3754E18B7F2FE00A4ADAC /* PirateOctopusAttack.jpg in Resources */,
				F8D3755418B7F2FE00A4ADAC /* PirateTreasurer2.jpeg in Resources */,
				F8D3750318B7DBE600A4ADAC /* InfoPlist.strings in Resources */,
				F8D3750C18B7DBE600A4ADAC /* Main.storyboard in Resources */,
				F8D3755318B7F2FE00A4ADAC /* PirateTreasure.jpeg in Resources */,
				F8D3754A18B7F2FE00A4ADAC /* PirateBlacksmith.jpeg in Resources */,
				F8D3754B18B7F2FE00A4ADAC /* PirateBoss.jpeg in Resources */,
			);
			runOnlyForDeploymentPostprocessing = 0;
		};
		F8D3751418B7DBE700A4ADAC /* Resources */ = {
			isa = PBXResourcesBuildPhase;
			buildActionMask = 2147483647;
			files = (
				F8D3752218B7DBE700A4ADAC /* InfoPlist.strings in Resources */,
			);
			runOnlyForDeploymentPostprocessing = 0;
		};
/* End PBXResourcesBuildPhase section */

/* Begin PBXSourcesBuildPhase section */
		F8D374F118B7DBE600A4ADAC /* Sources */ = {
			isa = PBXSourcesBuildPhase;
			buildActionMask = 2147483647;
			files = (
				F8D3750918B7DBE600A4ADAC /* CCAppDelegate.m in Sources */,
				F8D3753218B7DDCE00A4ADAC /* CCCharacter.m in Sources */,
				F8D3750518B7DBE600A4ADAC /* main.m in Sources */,
				F8D3753518B7DE9900A4ADAC /* CCArmor.m in Sources */,
				F8D3753B18B7E44D00A4ADAC /* CCFactory.m in Sources */,
				F8D3750F18B7DBE600A4ADAC /* CCViewController.m in Sources */,
				F8D3753818B7DEDD00A4ADAC /* CCWeapon.m in Sources */,
				F8D3752F18B7DC1000A4ADAC /* CCTile.m in Sources */,
				F85C92A318BA283700F3055F /* CCBoss.m in Sources */,
			);
			runOnlyForDeploymentPostprocessing = 0;
		};
		F8D3751218B7DBE700A4ADAC /* Sources */ = {
			isa = PBXSourcesBuildPhase;
			buildActionMask = 2147483647;
			files = (
				F8D3752418B7DBE700A4ADAC /* Pirate_AdventureTests.m in Sources */,
			);
			runOnlyForDeploymentPostprocessing = 0;
		};
/* End PBXSourcesBuildPhase section */

/* Begin PBXTargetDependency section */
		F8D3751C18B7DBE700A4ADAC /* PBXTargetDependency */ = {
			isa = PBXTargetDependency;
			target = F8D374F418B7DBE600A4ADAC /* Pirate Adventure */;
			targetProxy = F8D3751B18B7DBE700A4ADAC /* PBXContainerItemProxy */;
		};
/* End PBXTargetDependency section */

/* Begin PBXVariantGroup section */
		F8D3750118B7DBE600A4ADAC /* InfoPlist.strings */ = {
			isa = PBXVariantGroup;
			children = (
				F8D3750218B7DBE600A4ADAC /* en */,
			);
			name = InfoPlist.strings;
			sourceTree = "<group>";
		};
		F8D3750A18B7DBE600A4ADAC /* Main.storyboard */ = {
			isa = PBXVariantGroup;
			children = (
				F8D3750B18B7DBE600A4ADAC /* Base */,
			);
			name = Main.storyboard;
			sourceTree = "<group>";
		};
		F8D3752018B7DBE700A4ADAC /* InfoPlist.strings */ = {
			isa = PBXVariantGroup;
			children = (
				F8D3752118B7DBE700A4ADAC /* en */,
			);
			name = InfoPlist.strings;
			sourceTree = "<group>";
		};
/* End PBXVariantGroup section */

/* Begin XCBuildConfiguration section */
		F8D3752518B7DBE700A4ADAC /* Debug */ = {
			isa = XCBuildConfiguration;
			buildSettings = {
				ALWAYS_SEARCH_USER_PATHS = NO;
				ARCHS = "$(ARCHS_STANDARD_INCLUDING_64_BIT)";
				CLANG_CXX_LANGUAGE_STANDARD = "gnu++0x";
				CLANG_CXX_LIBRARY = "libc++";
				CLANG_ENABLE_MODULES = YES;
				CLANG_ENABLE_OBJC_ARC = YES;
				CLANG_WARN_BOOL_CONVERSION = YES;
				CLANG_WARN_CONSTANT_CONVERSION = YES;
				CLANG_WARN_DIRECT_OBJC_ISA_USAGE = YES_ERROR;
				CLANG_WARN_EMPTY_BODY = YES;
				CLANG_WARN_ENUM_CONVERSION = YES;
				CLANG_WARN_INT_CONVERSION = YES;
				CLANG_WARN_OBJC_ROOT_CLASS = YES_ERROR;
				CLANG_WARN__DUPLICATE_METHOD_MATCH = YES;
				"CODE_SIGN_IDENTITY[sdk=iphoneos*]" = "iPhone Developer";
				COPY_PHASE_STRIP = NO;
				GCC_C_LANGUAGE_STANDARD = gnu99;
				GCC_DYNAMIC_NO_PIC = NO;
				GCC_OPTIMIZATION_LEVEL = 0;
				GCC_PREPROCESSOR_DEFINITIONS = (
					"DEBUG=1",
					"$(inherited)",
				);
				GCC_SYMBOLS_PRIVATE_EXTERN = NO;
				GCC_WARN_64_TO_32_BIT_CONVERSION = YES;
				GCC_WARN_ABOUT_RETURN_TYPE = YES_ERROR;
				GCC_WARN_UNDECLARED_SELECTOR = YES;
				GCC_WARN_UNINITIALIZED_AUTOS = YES;
				GCC_WARN_UNUSED_FUNCTION = YES;
				GCC_WARN_UNUSED_VARIABLE = YES;
				IPHONEOS_DEPLOYMENT_TARGET = 7.0;
				ONLY_ACTIVE_ARCH = YES;
				SDKROOT = iphoneos;
			};
			name = Debug;
		};
		F8D3752618B7DBE700A4ADAC /* Release */ = {
			isa = XCBuildConfiguration;
			buildSettings = {
				ALWAYS_SEARCH_USER_PATHS = NO;
				ARCHS = "$(ARCHS_STANDARD_INCLUDING_64_BIT)";
				CLANG_CXX_LANGUAGE_STANDARD = "gnu++0x";
				CLANG_CXX_LIBRARY = "libc++";
				CLANG_ENABLE_MODULES = YES;
				CLANG_ENABLE_OBJC_ARC = YES;
				CLANG_WARN_BOOL_CONVERSION = YES;
				CLANG_WARN_CONSTANT_CONVERSION = YES;
				CLANG_WARN_DIRECT_OBJC_ISA_USAGE = YES_ERROR;
				CLANG_WARN_EMPTY_BODY = YES;
				CLANG_WARN_ENUM_CONVERSION = YES;
				CLANG_WARN_INT_CONVERSION = YES;
				CLANG_WARN_OBJC_ROOT_CLASS = YES_ERROR;
				CLANG_WARN__DUPLICATE_METHOD_MATCH = YES;
				"CODE_SIGN_IDENTITY[sdk=iphoneos*]" = "iPhone Developer";
				COPY_PHASE_STRIP = YES;
				ENABLE_NS_ASSERTIONS = NO;
				GCC_C_LANGUAGE_STANDARD = gnu99;
				GCC_WARN_64_TO_32_BIT_CONVERSION = YES;
				GCC_WARN_ABOUT_RETURN_TYPE = YES_ERROR;
				GCC_WARN_UNDECLARED_SELECTOR = YES;
				GCC_WARN_UNINITIALIZED_AUTOS = YES;
				GCC_WARN_UNUSED_FUNCTION = YES;
				GCC_WARN_UNUSED_VARIABLE = YES;
				IPHONEOS_DEPLOYMENT_TARGET = 7.0;
				SDKROOT = iphoneos;
				VALIDATE_PRODUCT = YES;
			};
			name = Release;
		};
		F8D3752818B7DBE700A4ADAC /* Debug */ = {
			isa = XCBuildConfiguration;
			buildSettings = {
				ASSETCATALOG_COMPILER_APPICON_NAME = AppIcon;
				ASSETCATALOG_COMPILER_LAUNCHIMAGE_NAME = LaunchImage;
				GCC_PRECOMPILE_PREFIX_HEADER = YES;
				GCC_PREFIX_HEADER = "Pirate Adventure/Pirate Adventure-Prefix.pch";
				INFOPLIST_FILE = "Pirate Adventure/Pirate Adventure-Info.plist";
				PRODUCT_NAME = "$(TARGET_NAME)";
				WRAPPER_EXTENSION = app;
			};
			name = Debug;
		};
		F8D3752918B7DBE700A4ADAC /* Release */ = {
			isa = XCBuildConfiguration;
			buildSettings = {
				ASSETCATALOG_COMPILER_APPICON_NAME = AppIcon;
				ASSETCATALOG_COMPILER_LAUNCHIMAGE_NAME = LaunchImage;
				GCC_PRECOMPILE_PREFIX_HEADER = YES;
				GCC_PREFIX_HEADER = "Pirate Adventure/Pirate Adventure-Prefix.pch";
				INFOPLIST_FILE = "Pirate Adventure/Pirate Adventure-Info.plist";
				PRODUCT_NAME = "$(TARGET_NAME)";
				WRAPPER_EXTENSION = app;
			};
			name = Release;
		};
		F8D3752B18B7DBE700A4ADAC /* Debug */ = {
			isa = XCBuildConfiguration;
			buildSettings = {
				ARCHS = "$(ARCHS_STANDARD_INCLUDING_64_BIT)";
				BUNDLE_LOADER = "$(BUILT_PRODUCTS_DIR)/Pirate Adventure.app/Pirate Adventure";
				FRAMEWORK_SEARCH_PATHS = (
					"$(SDKROOT)/Developer/Library/Frameworks",
					"$(inherited)",
					"$(DEVELOPER_FRAMEWORKS_DIR)",
				);
				GCC_PRECOMPILE_PREFIX_HEADER = YES;
				GCC_PREFIX_HEADER = "Pirate Adventure/Pirate Adventure-Prefix.pch";
				GCC_PREPROCESSOR_DEFINITIONS = (
					"DEBUG=1",
					"$(inherited)",
				);
				INFOPLIST_FILE = "Pirate AdventureTests/Pirate AdventureTests-Info.plist";
				PRODUCT_NAME = "$(TARGET_NAME)";
				TEST_HOST = "$(BUNDLE_LOADER)";
				WRAPPER_EXTENSION = xctest;
			};
			name = Debug;
		};
		F8D3752C18B7DBE700A4ADAC /* Release */ = {
			isa = XCBuildConfiguration;
			buildSettings = {
				ARCHS = "$(ARCHS_STANDARD_INCLUDING_64_BIT)";
				BUNDLE_LOADER = "$(BUILT_PRODUCTS_DIR)/Pirate Adventure.app/Pirate Adventure";
				FRAMEWORK_SEARCH_PATHS = (
					"$(SDKROOT)/Developer/Library/Frameworks",
					"$(inherited)",
					"$(DEVELOPER_FRAMEWORKS_DIR)",
				);
				GCC_PRECOMPILE_PREFIX_HEADER = YES;
				GCC_PREFIX_HEADER = "Pirate Adventure/Pirate Adventure-Prefix.pch";
				INFOPLIST_FILE = "Pirate AdventureTests/Pirate AdventureTests-Info.plist";
				PRODUCT_NAME = "$(TARGET_NAME)";
				TEST_HOST = "$(BUNDLE_LOADER)";
				WRAPPER_EXTENSION = xctest;
			};
			name = Release;
		};
/* End XCBuildConfiguration section */

/* Begin XCConfigurationList section */
		F8D374F018B7DBE600A4ADAC /* Build configuration list for PBXProject "Pirate Adventure" */ = {
			isa = XCConfigurationList;
			buildConfigurations = (
				F8D3752518B7DBE700A4ADAC /* Debug */,
				F8D3752618B7DBE700A4ADAC /* Release */,
			);
			defaultConfigurationIsVisible = 0;
			defaultConfigurationName = Release;
		};
		F8D3752718B7DBE700A4ADAC /* Build configuration list for PBXNativeTarget "Pirate Adventure" */ = {
			isa = XCConfigurationList;
			buildConfigurations = (
				F8D3752818B7DBE700A4ADAC /* Debug */,
				F8D3752918B7DBE700A4ADAC /* Release */,
			);
			defaultConfigurationIsVisible = 0;
			defaultConfigurationName = Release;
		};
		F8D3752A18B7DBE700A4ADAC /* Build configuration list for PBXNativeTarget "Pirate AdventureTests" */ = {
			isa = XCConfigurationList;
			buildConfigurations = (
				F8D3752B18B7DBE700A4ADAC /* Debug */,
				F8D3752C18B7DBE700A4ADAC /* Release */,
			);
			defaultConfigurationIsVisible = 0;
			defaultConfigurationName = Release;
		};
/* End XCConfigurationList section */
	};
	rootObject = F8D374ED18B7DBE600A4ADAC /* Project object */;
}
